
Microsoft Visual Studio Solution File, Format Version 12.00
# Visual Studio Version 17
VisualStudioVersion = 17.7.34018.315
MinimumVisualStudioVersion = 10.0.40219.1
Project("{9A19103F-16F7-4668-BE54-9A1E7A4F7556}") = "lesson1", "lesson1\lesson1.csproj", "{8E03EDF7-1F50-4769-A728-8505154C2434}"
EndProject
Project("{FAE04EC0-301F-11D3-BF4B-00C04F79EFBC}") = "lesson2", "lesson2\lesson2.csproj", "{C4AFC5F0-0CB4-4ADB-B67C-725AB4F7FE9E}"
EndProject
Global
	GlobalSection(SolutionConfigurationPlatforms) = preSolution
		Debug|Any CPU = Debug|Any CPU
		Release|Any CPU = Release|Any CPU
	EndGlobalSection
	GlobalSection(ProjectConfigurationPlatforms) = postSolution
		{8E03EDF7-1F50-4769-A728-8505154C2434}.Debug|Any CPU.ActiveCfg = Debug|Any CPU
		{8E03EDF7-1F50-4769-A728-8505154C2434}.Debug|Any CPU.Build.0 = Debug|Any CPU
		{8E03EDF7-1F50-4769-A728-8505154C2434}.Release|Any CPU.ActiveCfg = Release|Any CPU
		{8E03EDF7-1F50-4769-A728-8505154C2434}.Release|Any CPU.Build.0 = Release|Any CPU
		{C4AFC5F0-0CB4-4ADB-B67C-725AB4F7FE9E}.Debug|Any CPU.ActiveCfg = Debug|Any CPU
		{C4AFC5F0-0CB4-4ADB-B67C-725AB4F7FE9E}.Debug|Any CPU.Build.0 = Debug|Any CPU
		{C4AFC5F0-0CB4-4ADB-B67C-725AB4F7FE9E}.Release|Any CPU.ActiveCfg = Release|Any CPU
		{C4AFC5F0-0CB4-4ADB-B67C-725AB4F7FE9E}.Release|Any CPU.Build.0 = Release|Any CPU
	EndGlobalSection
	GlobalSection(SolutionProperties) = preSolution
		HideSolutionNode = FALSE
	EndGlobalSection
	GlobalSection(ExtensibilityGlobals) = postSolution
		SolutionGuid = {6D02B9E8-BEBC-4365-89E2-C93E4EE7C63D}
	EndGlobalSection
EndGlobal
